Microsoft Visual Studio Solution File, Format Version 12.00
# Visual Studio Version 17
VisualStudioVersion = 17.5.2.0
MinimumVisualStudioVersion = 10.0.40219.1
Project("{FAE04EC0-301F-11D3-BF4B-00C04F79EFBC}") = "Escuela", "Escuela.csproj", "{36D6308E-A66A-8092-A075-2173386FBDC9}"
EndProject
Global
	GlobalSection(SolutionConfigurationPlatforms) = preSolution
		Debug|Any CPU = Debug|Any CPU
		Release|Any CPU = Release|Any CPU
	EndGlobalSection
	GlobalSection(ProjectConfigurationPlatforms) = postSolution
		{36D6308E-A66A-8092-A075-2173386FBDC9}.Debug|Any CPU.ActiveCfg = Debug|Any CPU
		{36D6308E-A66A-8092-A075-2173386FBDC9}.Debug|Any CPU.Build.0 = Debug|Any CPU
		{36D6308E-A66A-8092-A075-2173386FBDC9}.Release|Any CPU.ActiveCfg = Release|Any CPU
		{36D6308E-A66A-8092-A075-2173386FBDC9}.Release|Any CPU.Build.0 = Release|Any CPU
	EndGlobalSection
	GlobalSection(SolutionProperties) = preSolution
		HideSolutionNode = FALSE
	EndGlobalSection
	GlobalSection(ExtensibilityGlobals) = postSolution
		SolutionGuid = {071450F9-42E7-45B3-B5A2-59CAEE640C7D}
	EndGlobalSection
EndGlobal
